
Microsoft Visual Studio Solution File, Format Version 12.00
# Visual Studio 15
VisualStudioVersion = 15.0.27703.2000
MinimumVisualStudioVersion = 10.0.40219.1
Project("{888888A0-9F3D-457C-B088-3A5042F75D52}") = "FreeNove", "FreeNove\FreeNove.pyproj", "{F1CDDF16-5748-4D0B-BD0E-4CB19C507B5E}"
EndProject
Global
	GlobalSection(SolutionConfigurationPlatforms) = preSolution
		Debug|Any CPU = Debug|Any CPU
		Release|Any CPU = Release|Any CPU
	EndGlobalSection
	GlobalSection(ProjectConfigurationPlatforms) = postSolution
		{F1CDDF16-5748-4D0B-BD0E-4CB19C507B5E}.Debug|Any CPU.ActiveCfg = Debug|Any CPU
		{F1CDDF16-5748-4D0B-BD0E-4CB19C507B5E}.Release|Any CPU.ActiveCfg = Release|Any CPU
	EndGlobalSection
	GlobalSection(SolutionProperties) = preSolution
		HideSolutionNode = FALSE
	EndGlobalSection
	GlobalSection(ExtensibilityGlobals) = postSolution
		SolutionGuid = {493D03ED-64CF-4DEE-879B-27236E5455B5}
	EndGlobalSection
EndGlobal
